
Microsoft Visual Studio Solution File, Format Version 12.00
# Visual Studio Version 17
VisualStudioVersion = 17.10.35122.118
MinimumVisualStudioVersion = 10.0.40219.1
Project("{FAE04EC0-301F-11D3-BF4B-00C04F79EFBC}") = "session_2_page_8", "session_2_page_8\session_2_page_8.csproj", "{ABDE378C-4B98-47AA-8663-148AFBD0F441}"
EndProject
Global
	GlobalSection(SolutionConfigurationPlatforms) = preSolution
		Debug|Any CPU = Debug|Any CPU
		Release|Any CPU = Release|Any CPU
	EndGlobalSection
	GlobalSection(ProjectConfigurationPlatforms) = postSolution
		{ABDE378C-4B98-47AA-8663-148AFBD0F441}.Debug|Any CPU.ActiveCfg = Debug|Any CPU
		{ABDE378C-4B98-47AA-8663-148AFBD0F441}.Debug|Any CPU.Build.0 = Debug|Any CPU
		{ABDE378C-4B98-47AA-8663-148AFBD0F441}.Release|Any CPU.ActiveCfg = Release|Any CPU
		{ABDE378C-4B98-47AA-8663-148AFBD0F441}.Release|Any CPU.Build.0 = Release|Any CPU
	EndGlobalSection
	GlobalSection(SolutionProperties) = preSolution
		HideSolutionNode = FALSE
	EndGlobalSection
	GlobalSection(ExtensibilityGlobals) = postSolution
		SolutionGuid = {A9E1B928-5A15-4708-AEB7-9AE1A3DEE560}
	EndGlobalSection
EndGlobal
