
Microsoft Visual Studio Solution File, Format Version 12.00
# Visual Studio Version 17
VisualStudioVersion = 17.10.35122.118
MinimumVisualStudioVersion = 10.0.40219.1
Project("{FAE04EC0-301F-11D3-BF4B-00C04F79EFBC}") = "ex_1", "ex_1\ex_1.csproj", "{E82BBD8C-D4AB-4806-8384-F5A8DA0A939F}"
EndProject
Project("{FAE04EC0-301F-11D3-BF4B-00C04F79EFBC}") = "ex_2", "..\ex_2\ex_2.csproj", "{E305918B-F101-4262-BD44-7EE05D276C6B}"
EndProject
Global
	GlobalSection(SolutionConfigurationPlatforms) = preSolution
		Debug|Any CPU = Debug|Any CPU
		Release|Any CPU = Release|Any CPU
	EndGlobalSection
	GlobalSection(ProjectConfigurationPlatforms) = postSolution
		{E82BBD8C-D4AB-4806-8384-F5A8DA0A939F}.Debug|Any CPU.ActiveCfg = Debug|Any CPU
		{E82BBD8C-D4AB-4806-8384-F5A8DA0A939F}.Debug|Any CPU.Build.0 = Debug|Any CPU
		{E82BBD8C-D4AB-4806-8384-F5A8DA0A939F}.Release|Any CPU.ActiveCfg = Release|Any CPU
		{E82BBD8C-D4AB-4806-8384-F5A8DA0A939F}.Release|Any CPU.Build.0 = Release|Any CPU
		{E305918B-F101-4262-BD44-7EE05D276C6B}.Debug|Any CPU.ActiveCfg = Debug|Any CPU
		{E305918B-F101-4262-BD44-7EE05D276C6B}.Debug|Any CPU.Build.0 = Debug|Any CPU
		{E305918B-F101-4262-BD44-7EE05D276C6B}.Release|Any CPU.ActiveCfg = Release|Any CPU
		{E305918B-F101-4262-BD44-7EE05D276C6B}.Release|Any CPU.Build.0 = Release|Any CPU
	EndGlobalSection
	GlobalSection(SolutionProperties) = preSolution
		HideSolutionNode = FALSE
	EndGlobalSection
	GlobalSection(ExtensibilityGlobals) = postSolution
		SolutionGuid = {5DD8CB86-8C4C-4E59-BC8B-3B7FD8309F08}
	EndGlobalSection
EndGlobal
