
Microsoft Visual Studio Solution File, Format Version 12.00
# Visual Studio Version 17
VisualStudioVersion = 17.10.35122.118
MinimumVisualStudioVersion = 10.0.40219.1
Project("{FAE04EC0-301F-11D3-BF4B-00C04F79EFBC}") = "ex_3", "ex_3\ex_3.csproj", "{228C3BDE-8443-49CC-8490-4AA5DA658905}"
EndProject
Global
	GlobalSection(SolutionConfigurationPlatforms) = preSolution
		Debug|Any CPU = Debug|Any CPU
		Release|Any CPU = Release|Any CPU
	EndGlobalSection
	GlobalSection(ProjectConfigurationPlatforms) = postSolution
		{228C3BDE-8443-49CC-8490-4AA5DA658905}.Debug|Any CPU.ActiveCfg = Debug|Any CPU
		{228C3BDE-8443-49CC-8490-4AA5DA658905}.Debug|Any CPU.Build.0 = Debug|Any CPU
		{228C3BDE-8443-49CC-8490-4AA5DA658905}.Release|Any CPU.ActiveCfg = Release|Any CPU
		{228C3BDE-8443-49CC-8490-4AA5DA658905}.Release|Any CPU.Build.0 = Release|Any CPU
	EndGlobalSection
	GlobalSection(SolutionProperties) = preSolution
		HideSolutionNode = FALSE
	EndGlobalSection
	GlobalSection(ExtensibilityGlobals) = postSolution
		SolutionGuid = {A1DC0A84-F220-4A67-8289-1580614C30BD}
	EndGlobalSection
EndGlobal
