
Microsoft Visual Studio Solution File, Format Version 12.00
# Visual Studio Version 17
VisualStudioVersion = 17.10.35122.118
MinimumVisualStudioVersion = 10.0.40219.1
Project("{FAE04EC0-301F-11D3-BF4B-00C04F79EFBC}") = "Chaper_4", "Chaper_4\Chaper_4.csproj", "{360BD9CD-D6E5-408E-B68A-434FD9062438}"
EndProject
Global
	GlobalSection(SolutionConfigurationPlatforms) = preSolution
		Debug|Any CPU = Debug|Any CPU
		Release|Any CPU = Release|Any CPU
	EndGlobalSection
	GlobalSection(ProjectConfigurationPlatforms) = postSolution
		{360BD9CD-D6E5-408E-B68A-434FD9062438}.Debug|Any CPU.ActiveCfg = Debug|Any CPU
		{360BD9CD-D6E5-408E-B68A-434FD9062438}.Debug|Any CPU.Build.0 = Debug|Any CPU
		{360BD9CD-D6E5-408E-B68A-434FD9062438}.Release|Any CPU.ActiveCfg = Release|Any CPU
		{360BD9CD-D6E5-408E-B68A-434FD9062438}.Release|Any CPU.Build.0 = Release|Any CPU
	EndGlobalSection
	GlobalSection(SolutionProperties) = preSolution
		HideSolutionNode = FALSE
	EndGlobalSection
	GlobalSection(ExtensibilityGlobals) = postSolution
		SolutionGuid = {BB4DCB1C-3477-4AF4-B3CA-786BE48E9DA5}
	EndGlobalSection
EndGlobal
